// !$*UTF8*$!
{
	archiveVersion = 1;
	classes = {
	};
	objectVersion = 56;
	objects = {

/* Begin PBXBuildFile section */
		1BA3803E2C6EC2BB00FECCE8 /* MobileSecurityApp.swift in Sources */ = {isa = PBXBuildFile; fileRef = 1BA3803D2C6EC2BB00FECCE8 /* MobileSecurityApp.swift */; };
		1BA380402C6EC2BB00FECCE8 /* ContentView.swift in Sources */ = {isa = PBXBuildFile; fileRef = 1BA3803F2C6EC2BB00FECCE8 /* ContentView.swift */; };
		1BA380422C6EC2BC00FECCE8 /* Assets.xcassets in Resources */ = {isa = PBXBuildFile; fileRef = 1BA380412C6EC2BC00FECCE8 /* Assets.xcassets */; };
		1BA380452C6EC2BC00FECCE8 /* Preview Assets.xcassets in Resources */ = {isa = PBXBuildFile; fileRef = 1BA380442C6EC2BC00FECCE8 /* Preview Assets.xcassets */; };
		1BA380472C6EC2BC00FECCE8 /* Persistence.swift in Sources */ = {isa = PBXBuildFile; fileRef = 1BA380462C6EC2BC00FECCE8 /* Persistence.swift */; };
		1BA3804A2C6EC2BC00FECCE8 /* MobileSecurity.xcdatamodeld in Sources */ = {isa = PBXBuildFile; fileRef = 1BA380482C6EC2BC00FECCE8 /* MobileSecurity.xcdatamodeld */; };
		1BA3806D2C6ED92800FECCE8 /* KeychainHelper.swift in Sources */ = {isa = PBXBuildFile; fileRef = 1BA3806C2C6ED92800FECCE8 /* KeychainHelper.swift */; };
		1BA3806F2C6EE96300FECCE8 /* PasswordList.swift in Sources */ = {isa = PBXBuildFile; fileRef = 1BA3806E2C6EE96300FECCE8 /* PasswordList.swift */; };
		1BA380712C6EE9D800FECCE8 /* SavePassword.swift in Sources */ = {isa = PBXBuildFile; fileRef = 1BA380702C6EE9D800FECCE8 /* SavePassword.swift */; };
		1BA380732C6EEA8F00FECCE8 /* JailBreakDetection.swift in Sources */ = {isa = PBXBuildFile; fileRef = 1BA380722C6EEA8F00FECCE8 /* JailBreakDetection.swift */; };
/* End PBXBuildFile section */

/* Begin PBXContainerItemProxy section */
		1BA380502C6EC2BD00FECCE8 /* PBXContainerItemProxy */ = {
			isa = PBXContainerItemProxy;
			containerPortal = 1BA380322C6EC2BB00FECCE8 /* Project object */;
			proxyType = 1;
			remoteGlobalIDString = 1BA380392C6EC2BB00FECCE8;
			remoteInfo = MobileSecurity;
		};
		1BA3805A2C6EC2BD00FECCE8 /* PBXContainerItemProxy */ = {
			isa = PBXContainerItemProxy;
			containerPortal = 1BA380322C6EC2BB00FECCE8 /* Project object */;
			proxyType = 1;
			remoteGlobalIDString = 1BA380392C6EC2BB00FECCE8;
			remoteInfo = MobileSecurity;
		};
/* End PBXContainerItemProxy section */

/* Begin PBXFileReference section */
		1BA3803A2C6EC2BB00FECCE8 /* MobileSecurity.app */ = {isa = PBXFileReference; explicitFileType = wrapper.application; includeInIndex = 0; path = MobileSecurity.app; sourceTree = BUILT_PRODUCTS_DIR; };
		1BA3803D2C6EC2BB00FECCE8 /* MobileSecurityApp.swift */ = {isa = PBXFileReference; lastKnownFileType = sourcecode.swift; path = MobileSecurityApp.swift; sourceTree = "<group>"; };
		1BA3803F2C6EC2BB00FECCE8 /* ContentView.swift */ = {isa = PBXFileReference; lastKnownFileType = sourcecode.swift; path = ContentView.swift; sourceTree = "<group>"; };
		1BA380412C6EC2BC00FECCE8 /* Assets.xcassets */ = {isa = PBXFileReference; lastKnownFileType = folder.assetcatalog; path = Assets.xcassets; sourceTree = "<group>"; };
		1BA380442C6EC2BC00FECCE8 /* Preview Assets.xcassets */ = {isa = PBXFileReference; lastKnownFileType = folder.assetcatalog; path = "Preview Assets.xcassets"; sourceTree = "<group>"; };
		1BA380462C6EC2BC00FECCE8 /* Persistence.swift */ = {isa = PBXFileReference; lastKnownFileType = sourcecode.swift; path = Persistence.swift; sourceTree = "<group>"; };
		1BA380492C6EC2BC00FECCE8 /* MobileSecurity.xcdatamodel */ = {isa = PBXFileReference; lastKnownFileType = wrapper.xcdatamodel; path = MobileSecurity.xcdatamodel; sourceTree = "<group>"; };
		1BA3804F2C6EC2BD00FECCE8 /* MobileSecurityTests.xctest */ = {isa = PBXFileReference; explicitFileType = wrapper.cfbundle; includeInIndex = 0; path = MobileSecurityTests.xctest; sourceTree = BUILT_PRODUCTS_DIR; };
		1BA380592C6EC2BD00FECCE8 /* MobileSecurityUITests.xctest */ = {isa = PBXFileReference; explicitFileType = wrapper.cfbundle; includeInIndex = 0; path = MobileSecurityUITests.xctest; sourceTree = BUILT_PRODUCTS_DIR; };
		1BA3806C2C6ED92800FECCE8 /* KeychainHelper.swift */ = {isa = PBXFileReference; lastKnownFileType = sourcecode.swift; path = KeychainHelper.swift; sourceTree = "<group>"; };
		1BA3806E2C6EE96300FECCE8 /* PasswordList.swift */ = {isa = PBXFileReference; lastKnownFileType = sourcecode.swift; path = PasswordList.swift; sourceTree = "<group>"; };
		1BA380702C6EE9D800FECCE8 /* SavePassword.swift */ = {isa = PBXFileReference; lastKnownFileType = sourcecode.swift; path = SavePassword.swift; sourceTree = "<group>"; };
		1BA380722C6EEA8F00FECCE8 /* JailBreakDetection.swift */ = {isa = PBXFileReference; lastKnownFileType = sourcecode.swift; path = JailBreakDetection.swift; sourceTree = "<group>"; };
/* End PBXFileReference section */

/* Begin PBXFrameworksBuildPhase section */
		1BA380372C6EC2BB00FECCE8 /* Frameworks */ = {
			isa = PBXFrameworksBuildPhase;
			buildActionMask = 2147483647;
			files = (
			);
			runOnlyForDeploymentPostprocessing = 0;
		};
		1BA3804C2C6EC2BD00FECCE8 /* Frameworks */ = {
			isa = PBXFrameworksBuildPhase;
			buildActionMask = 2147483647;
			files = (
			);
			runOnlyForDeploymentPostprocessing = 0;
		};
		1BA380562C6EC2BD00FECCE8 /* Frameworks */ = {
			isa = PBXFrameworksBuildPhase;
			buildActionMask = 2147483647;
			files = (
			);
			runOnlyForDeploymentPostprocessing = 0;
		};
/* End PBXFrameworksBuildPhase section */

/* Begin PBXGroup section */
		1BA380312C6EC2BB00FECCE8 = {
			isa = PBXGroup;
			children = (
				1BA3803C2C6EC2BB00FECCE8 /* MobileSecurity */,
				1BA3803B2C6EC2BB00FECCE8 /* Products */,
			);
			sourceTree = "<group>";
		};
		1BA3803B2C6EC2BB00FECCE8 /* Products */ = {
			isa = PBXGroup;
			children = (
				1BA3803A2C6EC2BB00FECCE8 /* MobileSecurity.app */,
				1BA3804F2C6EC2BD00FECCE8 /* MobileSecurityTests.xctest */,
				1BA380592C6EC2BD00FECCE8 /* MobileSecurityUITests.xctest */,
			);
			name = Products;
			sourceTree = "<group>";
		};
		1BA3803C2C6EC2BB00FECCE8 /* MobileSecurity */ = {
			isa = PBXGroup;
			children = (
				1BA380702C6EE9D800FECCE8 /* SavePassword.swift */,
				1BA3806E2C6EE96300FECCE8 /* PasswordList.swift */,
				1BA3803F2C6EC2BB00FECCE8 /* ContentView.swift */,
				1BA3806C2C6ED92800FECCE8 /* KeychainHelper.swift */,
				1BA380462C6EC2BC00FECCE8 /* Persistence.swift */,
				1BA380722C6EEA8F00FECCE8 /* JailBreakDetection.swift */,
				1BA3803D2C6EC2BB00FECCE8 /* MobileSecurityApp.swift */,
				1BA380412C6EC2BC00FECCE8 /* Assets.xcassets */,
				1BA380482C6EC2BC00FECCE8 /* MobileSecurity.xcdatamodeld */,
				1BA380432C6EC2BC00FECCE8 /* Preview Content */,
			);
			path = MobileSecurity;
			sourceTree = "<group>";
		};
		1BA380432C6EC2BC00FECCE8 /* Preview Content */ = {
			isa = PBXGroup;
			children = (
				1BA380442C6EC2BC00FECCE8 /* Preview Assets.xcassets */,
			);
			path = "Preview Content";
			sourceTree = "<group>";
		};
/* End PBXGroup section */

/* Begin PBXNativeTarget section */
		1BA380392C6EC2BB00FECCE8 /* MobileSecurity */ = {
			isa = PBXNativeTarget;
			buildConfigurationList = 1BA380632C6EC2BD00FECCE8 /* Build configuration list for PBXNativeTarget "MobileSecurity" */;
			buildPhases = (
				1BA380362C6EC2BB00FECCE8 /* Sources */,
				1BA380372C6EC2BB00FECCE8 /* Frameworks */,
				1BA380382C6EC2BB00FECCE8 /* Resources */,
			);
			buildRules = (
			);
			dependencies = (
			);
			name = MobileSecurity;
			productName = MobileSecurity;
			productReference = 1BA3803A2C6EC2BB00FECCE8 /* MobileSecurity.app */;
			productType = "com.apple.product-type.application";
		};
		1BA3804E2C6EC2BD00FECCE8 /* MobileSecurityTests */ = {
			isa = PBXNativeTarget;
			buildConfigurationList = 1BA380662C6EC2BD00FECCE8 /* Build configuration list for PBXNativeTarget "MobileSecurityTests" */;
			buildPhases = (
				1BA3804B2C6EC2BD00FECCE8 /* Sources */,
				1BA3804C2C6EC2BD00FECCE8 /* Frameworks */,
				1BA3804D2C6EC2BD00FECCE8 /* Resources */,
			);
			buildRules = (
			);
			dependencies = (
				1BA380512C6EC2BD00FECCE8 /* PBXTargetDependency */,
			);
			name = MobileSecurityTests;
			productName = MobileSecurityTests;
			productReference = 1BA3804F2C6EC2BD00FECCE8 /* MobileSecurityTests.xctest */;
			productType = "com.apple.product-type.bundle.unit-test";
		};
		1BA380582C6EC2BD00FECCE8 /* MobileSecurityUITests */ = {
			isa = PBXNativeTarget;
			buildConfigurationList = 1BA380692C6EC2BD00FECCE8 /* Build configuration list for PBXNativeTarget "MobileSecurityUITests" */;
			buildPhases = (
				1BA380552C6EC2BD00FECCE8 /* Sources */,
				1BA380562C6EC2BD00FECCE8 /* Frameworks */,
				1BA380572C6EC2BD00FECCE8 /* Resources */,
			);
			buildRules = (
			);
			dependencies = (
				1BA3805B2C6EC2BD00FECCE8 /* PBXTargetDependency */,
			);
			name = MobileSecurityUITests;
			productName = MobileSecurityUITests;
			productReference = 1BA380592C6EC2BD00FECCE8 /* MobileSecurityUITests.xctest */;
			productType = "com.apple.product-type.bundle.ui-testing";
		};
/* End PBXNativeTarget section */

/* Begin PBXProject section */
		1BA380322C6EC2BB00FECCE8 /* Project object */ = {
			isa = PBXProject;
			attributes = {
				BuildIndependentTargetsInParallel = 1;
				LastSwiftUpdateCheck = 1540;
				LastUpgradeCheck = 1540;
				TargetAttributes = {
					1BA380392C6EC2BB00FECCE8 = {
						CreatedOnToolsVersion = 15.4;
					};
					1BA3804E2C6EC2BD00FECCE8 = {
						CreatedOnToolsVersion = 15.4;
						TestTargetID = 1BA380392C6EC2BB00FECCE8;
					};
					1BA380582C6EC2BD00FECCE8 = {
						CreatedOnToolsVersion = 15.4;
						TestTargetID = 1BA380392C6EC2BB00FECCE8;
					};
				};
			};
			buildConfigurationList = 1BA380352C6EC2BB00FECCE8 /* Build configuration list for PBXProject "MobileSecurity" */;
			compatibilityVersion = "Xcode 14.0";
			developmentRegion = en;
			hasScannedForEncodings = 0;
			knownRegions = (
				en,
				Base,
			);
			mainGroup = 1BA380312C6EC2BB00FECCE8;
			productRefGroup = 1BA3803B2C6EC2BB00FECCE8 /* Products */;
			projectDirPath = "";
			projectRoot = "";
			targets = (
				1BA380392C6EC2BB00FECCE8 /* MobileSecurity */,
				1BA3804E2C6EC2BD00FECCE8 /* MobileSecurityTests */,
				1BA380582C6EC2BD00FECCE8 /* MobileSecurityUITests */,
			);
		};
/* End PBXProject section */

/* Begin PBXResourcesBuildPhase section */
		1BA380382C6EC2BB00FECCE8 /* Resources */ = {
			isa = PBXResourcesBuildPhase;
			buildActionMask = 2147483647;
			files = (
				1BA380452C6EC2BC00FECCE8 /* Preview Assets.xcassets in Resources */,
				1BA380422C6EC2BC00FECCE8 /* Assets.xcassets in Resources */,
			);
			runOnlyForDeploymentPostprocessing = 0;
		};
		1BA3804D2C6EC2BD00FECCE8 /* Resources */ = {
			isa = PBXResourcesBuildPhase;
			buildActionMask = 2147483647;
			files = (
			);
			runOnlyForDeploymentPostprocessing = 0;
		};
		1BA380572C6EC2BD00FECCE8 /* Resources */ = {
			isa = PBXResourcesBuildPhase;
			buildActionMask = 2147483647;
			files = (
			);
			runOnlyForDeploymentPostprocessing = 0;
		};
/* End PBXResourcesBuildPhase section */

/* Begin PBXSourcesBuildPhase section */
		1BA380362C6EC2BB00FECCE8 /* Sources */ = {
			isa = PBXSourcesBuildPhase;
			buildActionMask = 2147483647;
			files = (
				1BA380472C6EC2BC00FECCE8 /* Persistence.swift in Sources */,
				1BA380402C6EC2BB00FECCE8 /* ContentView.swift in Sources */,
				1BA3803E2C6EC2BB00FECCE8 /* MobileSecurityApp.swift in Sources */,
				1BA3806D2C6ED92800FECCE8 /* KeychainHelper.swift in Sources */,
				1BA3804A2C6EC2BC00FECCE8 /* MobileSecurity.xcdatamodeld in Sources */,
				1BA3806F2C6EE96300FECCE8 /* PasswordList.swift in Sources */,
				1BA380732C6EEA8F00FECCE8 /* JailBreakDetection.swift in Sources */,
				1BA380712C6EE9D800FECCE8 /* SavePassword.swift in Sources */,
			);
			runOnlyForDeploymentPostprocessing = 0;
		};
		1BA3804B2C6EC2BD00FECCE8 /* Sources */ = {
			isa = PBXSourcesBuildPhase;
			buildActionMask = 2147483647;
			files = (
			);
			runOnlyForDeploymentPostprocessing = 0;
		};
		1BA380552C6EC2BD00FECCE8 /* Sources */ = {
			isa = PBXSourcesBuildPhase;
			buildActionMask = 2147483647;
			files = (
			);
			runOnlyForDeploymentPostprocessing = 0;
		};
/* End PBXSourcesBuildPhase section */

/* Begin PBXTargetDependency section */
		1BA380512C6EC2BD00FECCE8 /* PBXTargetDependency */ = {
			isa = PBXTargetDependency;
			target = 1BA380392C6EC2BB00FECCE8 /* MobileSecurity */;
			targetProxy = 1BA380502C6EC2BD00FECCE8 /* PBXContainerItemProxy */;
		};
		1BA3805B2C6EC2BD00FECCE8 /* PBXTargetDependency */ = {
			isa = PBXTargetDependency;
			target = 1BA380392C6EC2BB00FECCE8 /* MobileSecurity */;
			targetProxy = 1BA3805A2C6EC2BD00FECCE8 /* PBXContainerItemProxy */;
		};
/* End PBXTargetDependency section */

/* Begin XCBuildConfiguration section */
		1BA380612C6EC2BD00FECCE8 /* Debug */ = {
			isa = XCBuildConfiguration;
			buildSettings = {
				ALWAYS_SEARCH_USER_PATHS = NO;
				ASSETCATALOG_COMPILER_GENERATE_SWIFT_ASSET_SYMBOL_EXTENSIONS = YES;
				CLANG_ANALYZER_NONNULL = YES;
				CLANG_ANALYZER_NUMBER_OBJECT_CONVERSION = YES_AGGRESSIVE;
				CLANG_CXX_LANGUAGE_STANDARD = "gnu++20";
				CLANG_ENABLE_MODULES = YES;
				CLANG_ENABLE_OBJC_ARC = YES;
				CLANG_ENABLE_OBJC_WEAK = YES;
				CLANG_WARN_BLOCK_CAPTURE_AUTORELEASING = YES;
				CLANG_WARN_BOOL_CONVERSION = YES;
				CLANG_WARN_COMMA = YES;
				CLANG_WARN_CONSTANT_CONVERSION = YES;
				CLANG_WARN_DEPRECATED_OBJC_IMPLEMENTATIONS = YES;
				CLANG_WARN_DIRECT_OBJC_ISA_USAGE = YES_ERROR;
				CLANG_WARN_DOCUMENTATION_COMMENTS = YES;
				CLANG_WARN_EMPTY_BODY = YES;
				CLANG_WARN_ENUM_CONVERSION = YES;
				CLANG_WARN_INFINITE_RECURSION = YES;
				CLANG_WARN_INT_CONVERSION = YES;
				CLANG_WARN_NON_LITERAL_NULL_CONVERSION = YES;
				CLANG_WARN_OBJC_IMPLICIT_RETAIN_SELF = YES;
				CLANG_WARN_OBJC_LITERAL_CONVERSION = YES;
				CLANG_WARN_OBJC_ROOT_CLASS = YES_ERROR;
				CLANG_WARN_QUOTED_INCLUDE_IN_FRAMEWORK_HEADER = YES;
				CLANG_WARN_RANGE_LOOP_ANALYSIS = YES;
				CLANG_WARN_STRICT_PROTOTYPES = YES;
				CLANG_WARN_SUSPICIOUS_MOVE = YES;
				CLANG_WARN_UNGUARDED_AVAILABILITY = YES_AGGRESSIVE;
				CLANG_WARN_UNREACHABLE_CODE = YES;
				CLANG_WARN__DUPLICATE_METHOD_MATCH = YES;
				COPY_PHASE_STRIP = NO;
				DEBUG_INFORMATION_FORMAT = dwarf;
				ENABLE_STRICT_OBJC_MSGSEND = YES;
				ENABLE_TESTABILITY = YES;
				ENABLE_USER_SCRIPT_SANDBOXING = YES;
				GCC_C_LANGUAGE_STANDARD = gnu17;
				GCC_DYNAMIC_NO_PIC = NO;
				GCC_NO_COMMON_BLOCKS = YES;
				GCC_OPTIMIZATION_LEVEL = 0;
				GCC_PREPROCESSOR_DEFINITIONS = (
					"DEBUG=1",
					"$(inherited)",
				);
				GCC_WARN_64_TO_32_BIT_CONVERSION = YES;
				GCC_WARN_ABOUT_RETURN_TYPE = YES_ERROR;
				GCC_WARN_UNDECLARED_SELECTOR = YES;
				GCC_WARN_UNINITIALIZED_AUTOS = YES_AGGRESSIVE;
				GCC_WARN_UNUSED_FUNCTION = YES;
				GCC_WARN_UNUSED_VARIABLE = YES;
				IPHONEOS_DEPLOYMENT_TARGET = 16.0;
				LOCALIZATION_PREFERS_STRING_CATALOGS = YES;
				MTL_ENABLE_DEBUG_INFO = INCLUDE_SOURCE;
				MTL_FAST_MATH = YES;
				ONLY_ACTIVE_ARCH = YES;
				SDKROOT = iphoneos;
				SWIFT_ACTIVE_COMPILATION_CONDITIONS = "DEBUG $(inherited)";
				SWIFT_OPTIMIZATION_LEVEL = "-Onone";
			};
			name = Debug;
		};
		1BA380622C6EC2BD00FECCE8 /* Release */ = {
			isa = XCBuildConfiguration;
			buildSettings = {
				ALWAYS_SEARCH_USER_PATHS = NO;
				ASSETCATALOG_COMPILER_GENERATE_SWIFT_ASSET_SYMBOL_EXTENSIONS = YES;
				CLANG_ANALYZER_NONNULL = YES;
				CLANG_ANALYZER_NUMBER_OBJECT_CONVERSION = YES_AGGRESSIVE;
				CLANG_CXX_LANGUAGE_STANDARD = "gnu++20";
				CLANG_ENABLE_MODULES = YES;
				CLANG_ENABLE_OBJC_ARC = YES;
				CLANG_ENABLE_OBJC_WEAK = YES;
				CLANG_WARN_BLOCK_CAPTURE_AUTORELEASING = YES;
				CLANG_WARN_BOOL_CONVERSION = YES;
				CLANG_WARN_COMMA = YES;
				CLANG_WARN_CONSTANT_CONVERSION = YES;
				CLANG_WARN_DEPRECATED_OBJC_IMPLEMENTATIONS = YES;
				CLANG_WARN_DIRECT_OBJC_ISA_USAGE = YES_ERROR;
				CLANG_WARN_DOCUMENTATION_COMMENTS = YES;
				CLANG_WARN_EMPTY_BODY = YES;
				CLANG_WARN_ENUM_CONVERSION = YES;
				CLANG_WARN_INFINITE_RECURSION = YES;
				CLANG_WARN_INT_CONVERSION = YES;
				CLANG_WARN_NON_LITERAL_NULL_CONVERSION = YES;
				CLANG_WARN_OBJC_IMPLICIT_RETAIN_SELF = YES;
				CLANG_WARN_OBJC_LITERAL_CONVERSION = YES;
				CLANG_WARN_OBJC_ROOT_CLASS = YES_ERROR;
				CLANG_WARN_QUOTED_INCLUDE_IN_FRAMEWORK_HEADER = YES;
				CLANG_WARN_RANGE_LOOP_ANALYSIS = YES;
				CLANG_WARN_STRICT_PROTOTYPES = YES;
				CLANG_WARN_SUSPICIOUS_MOVE = YES;
				CLANG_WARN_UNGUARDED_AVAILABILITY = YES_AGGRESSIVE;
				CLANG_WARN_UNREACHABLE_CODE = YES;
				CLANG_WARN__DUPLICATE_METHOD_MATCH = YES;
				COPY_PHASE_STRIP = NO;
				DEBUG_INFORMATION_FORMAT = "dwarf-with-dsym";
				ENABLE_NS_ASSERTIONS = NO;
				ENABLE_STRICT_OBJC_MSGSEND = YES;
				ENABLE_USER_SCRIPT_SANDBOXING = YES;
				GCC_C_LANGUAGE_STANDARD = gnu17;
				GCC_NO_COMMON_BLOCKS = YES;
				GCC_WARN_64_TO_32_BIT_CONVERSION = YES;
				GCC_WARN_ABOUT_RETURN_TYPE = YES_ERROR;
				GCC_WARN_UNDECLARED_SELECTOR = YES;
				GCC_WARN_UNINITIALIZED_AUTOS = YES_AGGRESSIVE;
				GCC_WARN_UNUSED_FUNCTION = YES;
				GCC_WARN_UNUSED_VARIABLE = YES;
				IPHONEOS_DEPLOYMENT_TARGET = 16.0;
				LOCALIZATION_PREFERS_STRING_CATALOGS = YES;
				MTL_ENABLE_DEBUG_INFO = NO;
				MTL_FAST_MATH = YES;
				SDKROOT = iphoneos;
				SWIFT_COMPILATION_MODE = wholemodule;
				VALIDATE_PRODUCT = YES;
			};
			name = Release;
		};
		1BA380642C6EC2BD00FECCE8 /* Debug */ = {
			isa = XCBuildConfiguration;
			buildSettings = {
				ASSETCATALOG_COMPILER_APPICON_NAME = AppIcon;
				ASSETCATALOG_COMPILER_GLOBAL_ACCENT_COLOR_NAME = AccentColor;
				CODE_SIGN_STYLE = Automatic;
				CURRENT_PROJECT_VERSION = 1;
				DEVELOPMENT_ASSET_PATHS = "\"MobileSecurity/Preview Content\"";
				DEVELOPMENT_TEAM = 7MF8JWYCMW;
				ENABLE_PREVIEWS = YES;
				GENERATE_INFOPLIST_FILE = YES;
				INFOPLIST_KEY_UIApplicationSceneManifest_Generation = YES;
				INFOPLIST_KEY_UIApplicationSupportsIndirectInputEvents = YES;
				INFOPLIST_KEY_UILaunchScreen_Generation = YES;
				INFOPLIST_KEY_UISupportedInterfaceOrientations_iPad = "UIInterfaceOrientationPortrait UIInterfaceOrientationPortraitUpsideDown UIInterfaceOrientationLandscapeLeft UIInterfaceOrientationLandscapeRight";
				INFOPLIST_KEY_UISupportedInterfaceOrientations_iPhone = "UIInterfaceOrientationPortrait UIInterfaceOrientationLandscapeLeft UIInterfaceOrientationLandscapeRight";
				IPHONEOS_DEPLOYMENT_TARGET = 16.0;
				LD_RUNPATH_SEARCH_PATHS = (
					"$(inherited)",
					"@executable_path/Frameworks",
				);
				MARKETING_VERSION = 1.0;
				PRODUCT_BUNDLE_IDENTIFIER = com.assessment.MobileSecurity;
				PRODUCT_NAME = "$(TARGET_NAME)";
				SWIFT_EMIT_LOC_STRINGS = YES;
				SWIFT_VERSION = 5.0;
				TARGETED_DEVICE_FAMILY = "1,2";
			};
			name = Debug;
		};
		1BA380652C6EC2BD00FECCE8 /* Release */ = {
			isa = XCBuildConfiguration;
			buildSettings = {
				ASSETCATALOG_COMPILER_APPICON_NAME = AppIcon;
				ASSETCATALOG_COMPILER_GLOBAL_ACCENT_COLOR_NAME = AccentColor;
				CODE_SIGN_STYLE = Automatic;
				CURRENT_PROJECT_VERSION = 1;
				DEVELOPMENT_ASSET_PATHS = "\"MobileSecurity/Preview Content\"";
				DEVELOPMENT_TEAM = 7MF8JWYCMW;
				ENABLE_PREVIEWS = YES;
				GENERATE_INFOPLIST_FILE = YES;
				INFOPLIST_KEY_UIApplicationSceneManifest_Generation = YES;
				INFOPLIST_KEY_UIApplicationSupportsIndirectInputEvents = YES;
				INFOPLIST_KEY_UILaunchScreen_Generation = YES;
				INFOPLIST_KEY_UISupportedInterfaceOrientations_iPad = "UIInterfaceOrientationPortrait UIInterfaceOrientationPortraitUpsideDown UIInterfaceOrientationLandscapeLeft UIInterfaceOrientationLandscapeRight";
				INFOPLIST_KEY_UISupportedInterfaceOrientations_iPhone = "UIInterfaceOrientationPortrait UIInterfaceOrientationLandscapeLeft UIInterfaceOrientationLandscapeRight";
				IPHONEOS_DEPLOYMENT_TARGET = 16.0;
				LD_RUNPATH_SEARCH_PATHS = (
					"$(inherited)",
					"@executable_path/Frameworks",
				);
				MARKETING_VERSION = 1.0;
				PRODUCT_BUNDLE_IDENTIFIER = com.assessment.MobileSecurity;
				PRODUCT_NAME = "$(TARGET_NAME)";
				SWIFT_EMIT_LOC_STRINGS = YES;
				SWIFT_VERSION = 5.0;
				TARGETED_DEVICE_FAMILY = "1,2";
			};
			name = Release;
		};
		1BA380672C6EC2BD00FECCE8 /* Debug */ = {
			isa = XCBuildConfiguration;
			buildSettings = {
				ALWAYS_EMBED_SWIFT_STANDARD_LIBRARIES = YES;
				BUNDLE_LOADER = "$(TEST_HOST)";
				CODE_SIGN_STYLE = Automatic;
				CURRENT_PROJECT_VERSION = 1;
				GENERATE_INFOPLIST_FILE = YES;
				IPHONEOS_DEPLOYMENT_TARGET = 17.5;
				MARKETING_VERSION = 1.0;
				PRODUCT_BUNDLE_IDENTIFIER = com.assessment.MobileSecurityTests;
				PRODUCT_NAME = "$(TARGET_NAME)";
				SWIFT_EMIT_LOC_STRINGS = NO;
				SWIFT_VERSION = 5.0;
				TARGETED_DEVICE_FAMILY = "1,2";
				TEST_HOST = "$(BUILT_PRODUCTS_DIR)/MobileSecurity.app/$(BUNDLE_EXECUTABLE_FOLDER_PATH)/MobileSecurity";
			};
			name = Debug;
		};
		1BA380682C6EC2BD00FECCE8 /* Release */ = {
			isa = XCBuildConfiguration;
			buildSettings = {
				ALWAYS_EMBED_SWIFT_STANDARD_LIBRARIES = YES;
				BUNDLE_LOADER = "$(TEST_HOST)";
				CODE_SIGN_STYLE = Automatic;
				CURRENT_PROJECT_VERSION = 1;
				GENERATE_INFOPLIST_FILE = YES;
				IPHONEOS_DEPLOYMENT_TARGET = 17.5;
				MARKETING_VERSION = 1.0;
				PRODUCT_BUNDLE_IDENTIFIER = com.assessment.MobileSecurityTests;
				PRODUCT_NAME = "$(TARGET_NAME)";
				SWIFT_EMIT_LOC_STRINGS = NO;
				SWIFT_VERSION = 5.0;
				TARGETED_DEVICE_FAMILY = "1,2";
				TEST_HOST = "$(BUILT_PRODUCTS_DIR)/MobileSecurity.app/$(BUNDLE_EXECUTABLE_FOLDER_PATH)/MobileSecurity";
			};
			name = Release;
		};
		1BA3806A2C6EC2BD00FECCE8 /* Debug */ = {
			isa = XCBuildConfiguration;
			buildSettings = {
				ALWAYS_EMBED_SWIFT_STANDARD_LIBRARIES = YES;
				CODE_SIGN_STYLE = Automatic;
				CURRENT_PROJECT_VERSION = 1;
				GENERATE_INFOPLIST_FILE = YES;
				MARKETING_VERSION = 1.0;
				PRODUCT_BUNDLE_IDENTIFIER = com.assessment.MobileSecurityUITests;
				PRODUCT_NAME = "$(TARGET_NAME)";
				SWIFT_EMIT_LOC_STRINGS = NO;
				SWIFT_VERSION = 5.0;
				TARGETED_DEVICE_FAMILY = "1,2";
				TEST_TARGET_NAME = MobileSecurity;
			};
			name = Debug;
		};
		1BA3806B2C6EC2BD00FECCE8 /* Release */ = {
			isa = XCBuildConfiguration;
			buildSettings = {
				ALWAYS_EMBED_SWIFT_STANDARD_LIBRARIES = YES;
				CODE_SIGN_STYLE = Automatic;
				CURRENT_PROJECT_VERSION = 1;
				GENERATE_INFOPLIST_FILE = YES;
				MARKETING_VERSION = 1.0;
				PRODUCT_BUNDLE_IDENTIFIER = com.assessment.MobileSecurityUITests;
				PRODUCT_NAME = "$(TARGET_NAME)";
				SWIFT_EMIT_LOC_STRINGS = NO;
				SWIFT_VERSION = 5.0;
				TARGETED_DEVICE_FAMILY = "1,2";
				TEST_TARGET_NAME = MobileSecurity;
			};
			name = Release;
		};
/* End XCBuildConfiguration section */

/* Begin XCConfigurationList section */
		1BA380352C6EC2BB00FECCE8 /* Build configuration list for PBXProject "MobileSecurity" */ = {
			isa = XCConfigurationList;
			buildConfigurations = (
				1BA380612C6EC2BD00FECCE8 /* Debug */,
				1BA380622C6EC2BD00FECCE8 /* Release */,
			);
			defaultConfigurationIsVisible = 0;
			defaultConfigurationName = Release;
		};
		1BA380632C6EC2BD00FECCE8 /* Build configuration list for PBXNativeTarget "MobileSecurity" */ = {
			isa = XCConfigurationList;
			buildConfigurations = (
				1BA380642C6EC2BD00FECCE8 /* Debug */,
				1BA380652C6EC2BD00FECCE8 /* Release */,
			);
			defaultConfigurationIsVisible = 0;
			defaultConfigurationName = Release;
		};
		1BA380662C6EC2BD00FECCE8 /* Build configuration list for PBXNativeTarget "MobileSecurityTests" */ = {
			isa = XCConfigurationList;
			buildConfigurations = (
				1BA380672C6EC2BD00FECCE8 /* Debug */,
				1BA380682C6EC2BD00FECCE8 /* Release */,
			);
			defaultConfigurationIsVisible = 0;
			defaultConfigurationName = Release;
		};
		1BA380692C6EC2BD00FECCE8 /* Build configuration list for PBXNativeTarget "MobileSecurityUITests" */ = {
			isa = XCConfigurationList;
			buildConfigurations = (
				1BA3806A2C6EC2BD00FECCE8 /* Debug */,
				1BA3806B2C6EC2BD00FECCE8 /* Release */,
			);
			defaultConfigurationIsVisible = 0;
			defaultConfigurationName = Release;
		};
/* End XCConfigurationList section */

/* Begin XCVersionGroup section */
		1BA380482C6EC2BC00FECCE8 /* MobileSecurity.xcdatamodeld */ = {
			isa = XCVersionGroup;
			children = (
				1BA380492C6EC2BC00FECCE8 /* MobileSecurity.xcdatamodel */,
			);
			currentVersion = 1BA380492C6EC2BC00FECCE8 /* MobileSecurity.xcdatamodel */;
			path = MobileSecurity.xcdatamodeld;
			sourceTree = "<group>";
			versionGroupType = wrapper.xcdatamodel;
		};
/* End XCVersionGroup section */
	};
	rootObject = 1BA380322C6EC2BB00FECCE8 /* Project object */;
}
